
Microsoft Visual Studio Solution File, Format Version 12.00
# Visual Studio Version 17
VisualStudioVersion = 17.5.33424.131
MinimumVisualStudioVersion = 10.0.40219.1
Project("{FAE04EC0-301F-11D3-BF4B-00C04F79EFBC}") = "WebApplication5", "WebApplication5\WebApplication5.csproj", "{4B15D045-4864-4E20-B034-B3AD16D25D58}"
EndProject
Global
	GlobalSection(SolutionConfigurationPlatforms) = preSolution
		Debug|Any CPU = Debug|Any CPU
		Release|Any CPU = Release|Any CPU
	EndGlobalSection
	GlobalSection(ProjectConfigurationPlatforms) = postSolution
		{4B15D045-4864-4E20-B034-B3AD16D25D58}.Debug|Any CPU.ActiveCfg = Debug|Any CPU
		{4B15D045-4864-4E20-B034-B3AD16D25D58}.Debug|Any CPU.Build.0 = Debug|Any CPU
		{4B15D045-4864-4E20-B034-B3AD16D25D58}.Release|Any CPU.ActiveCfg = Release|Any CPU
		{4B15D045-4864-4E20-B034-B3AD16D25D58}.Release|Any CPU.Build.0 = Release|Any CPU
	EndGlobalSection
	GlobalSection(SolutionProperties) = preSolution
		HideSolutionNode = FALSE
	EndGlobalSection
	GlobalSection(ExtensibilityGlobals) = postSolution
		SolutionGuid = {EEB38797-5ECA-4542-A3F1-0700A6F25D3E}
	EndGlobalSection
EndGlobal
